
Microsoft Visual Studio Solution File, Format Version 12.00
# Visual Studio Version 17
VisualStudioVersion = 17.6.33829.357
MinimumVisualStudioVersion = 10.0.40219.1
Project("{FAE04EC0-301F-11D3-BF4B-00C04F79EFBC}") = "Lab04-Q02", "Lab04-Q02\Lab04-Q02.csproj", "{22C4FD6B-3681-4D98-BA1F-7FD84E272B55}"
EndProject
Global
	GlobalSection(SolutionConfigurationPlatforms) = preSolution
		Debug|Any CPU = Debug|Any CPU
		Release|Any CPU = Release|Any CPU
	EndGlobalSection
	GlobalSection(ProjectConfigurationPlatforms) = postSolution
		{22C4FD6B-3681-4D98-BA1F-7FD84E272B55}.Debug|Any CPU.ActiveCfg = Debug|Any CPU
		{22C4FD6B-3681-4D98-BA1F-7FD84E272B55}.Debug|Any CPU.Build.0 = Debug|Any CPU
		{22C4FD6B-3681-4D98-BA1F-7FD84E272B55}.Release|Any CPU.ActiveCfg = Release|Any CPU
		{22C4FD6B-3681-4D98-BA1F-7FD84E272B55}.Release|Any CPU.Build.0 = Release|Any CPU
	EndGlobalSection
	GlobalSection(SolutionProperties) = preSolution
		HideSolutionNode = FALSE
	EndGlobalSection
	GlobalSection(ExtensibilityGlobals) = postSolution
		SolutionGuid = {87F9FB5F-0666-4ADC-8D57-80CA55E776CB}
	EndGlobalSection
EndGlobal
